
Microsoft Visual Studio Solution File, Format Version 12.00
# Visual Studio Version 17
VisualStudioVersion = 17.3.32929.385
MinimumVisualStudioVersion = 10.0.40219.1
Project("{9A19103F-16F7-4668-BE54-9A1E7A4F7556}") = "API", "API\API.csproj", "{A6540455-0ACC-4524-9232-B75A03D334F1}"
EndProject
Project("{9A19103F-16F7-4668-BE54-9A1E7A4F7556}") = "Core", "Core\Core.csproj", "{DA1D3894-FCDA-4546-85F8-FC05367C73FA}"
EndProject
Project("{9A19103F-16F7-4668-BE54-9A1E7A4F7556}") = "Infrastructure", "Infrastructure\Infrastructure.csproj", "{DF78E4E0-BB84-47A4-9761-531B8B786766}"
EndProject
Project("{54A90642-561A-4BB1-A94E-469ADEE60C69}") = "Site", "Site\Site.esproj", "{595D5FF4-DEF8-45C8-A374-2838D1699998}"
EndProject
Global
	GlobalSection(SolutionConfigurationPlatforms) = preSolution
		Debug|Any CPU = Debug|Any CPU
		Release|Any CPU = Release|Any CPU
	EndGlobalSection
	GlobalSection(ProjectConfigurationPlatforms) = postSolution
		{0CA8D391-18CE-42E7-B5FF-1AD5E8520C54}.Debug|Any CPU.ActiveCfg = Debug|Any CPU
		{0CA8D391-18CE-42E7-B5FF-1AD5E8520C54}.Debug|Any CPU.Build.0 = Debug|Any CPU
		{0CA8D391-18CE-42E7-B5FF-1AD5E8520C54}.Release|Any CPU.ActiveCfg = Release|Any CPU
		{0CA8D391-18CE-42E7-B5FF-1AD5E8520C54}.Release|Any CPU.Build.0 = Release|Any CPU
		{AC2BA7AF-59F3-4388-8AC7-28C2D335FE55}.Debug|Any CPU.ActiveCfg = Debug|Any CPU
		{AC2BA7AF-59F3-4388-8AC7-28C2D335FE55}.Debug|Any CPU.Build.0 = Debug|Any CPU
		{AC2BA7AF-59F3-4388-8AC7-28C2D335FE55}.Release|Any CPU.ActiveCfg = Release|Any CPU
		{AC2BA7AF-59F3-4388-8AC7-28C2D335FE55}.Release|Any CPU.Build.0 = Release|Any CPU
		{BCBAB951-A469-4E2A-B589-BCB84F3910C9}.Debug|Any CPU.ActiveCfg = Debug|Any CPU
		{BCBAB951-A469-4E2A-B589-BCB84F3910C9}.Debug|Any CPU.Build.0 = Debug|Any CPU
		{BCBAB951-A469-4E2A-B589-BCB84F3910C9}.Release|Any CPU.ActiveCfg = Release|Any CPU
		{BCBAB951-A469-4E2A-B589-BCB84F3910C9}.Release|Any CPU.Build.0 = Release|Any CPU
		{595D5FF4-DEF8-45C8-A374-2838D1699998}.Debug|Any CPU.ActiveCfg = Debug|Any CPU
		{595D5FF4-DEF8-45C8-A374-2838D1699998}.Debug|Any CPU.Build.0 = Debug|Any CPU
		{595D5FF4-DEF8-45C8-A374-2838D1699998}.Debug|Any CPU.Deploy.0 = Debug|Any CPU
		{595D5FF4-DEF8-45C8-A374-2838D1699998}.Release|Any CPU.ActiveCfg = Release|Any CPU
		{595D5FF4-DEF8-45C8-A374-2838D1699998}.Release|Any CPU.Build.0 = Release|Any CPU
		{595D5FF4-DEF8-45C8-A374-2838D1699998}.Release|Any CPU.Deploy.0 = Release|Any CPU
	EndGlobalSection
	GlobalSection(SolutionProperties) = preSolution
		HideSolutionNode = FALSE
	EndGlobalSection
	GlobalSection(ExtensibilityGlobals) = postSolution
		SolutionGuid = {08FEB169-8CB5-4D67-936F-8EC7BE8B0E47}
	EndGlobalSection
EndGlobal
